
Microsoft Visual Studio Solution File, Format Version 12.00
# Visual Studio Version 16
Project("{2150E333-8FDC-42A3-9474-1A3956D46DE8}") = "CMakePredefinedTargets", "CMakePredefinedTargets", "{3A0172C3-F304-348A-932C-A813B3EBD778}"
EndProject
Project("{2150E333-8FDC-42A3-9474-1A3956D46DE8}") = "GLFW3", "GLFW3", "{5D440F21-82A9-37DC-B549-F00071D8278B}"
EndProject
Project("{8BC9CEB8-8B4A-11D0-8D11-00A0C91BC942}") = "ALL_BUILD", "ALL_BUILD.vcxproj", "{C27BA0DF-4A6E-3FF0-8D60-5789FF879BDE}"
	ProjectSection(ProjectDependencies) = postProject
		{50294041-7D2E-3987-83F6-44A0A737F4D5} = {50294041-7D2E-3987-83F6-44A0A737F4D5}
		{AD38F5B9-6F65-348C-B8D4-83B4F91B7B2C} = {AD38F5B9-6F65-348C-B8D4-83B4F91B7B2C}
		{FB0150D0-6436-3517-8092-E3A6D8DD903B} = {FB0150D0-6436-3517-8092-E3A6D8DD903B}
		{8EE252D1-EE9D-3961-8DDB-0A89B77F58F3} = {8EE252D1-EE9D-3961-8DDB-0A89B77F58F3}
		{F3C092A2-1C61-3FC3-8B9F-BE68FCCC370F} = {F3C092A2-1C61-3FC3-8B9F-BE68FCCC370F}
		{E4DEAEF5-A2A3-3EF0-B065-4E8958690FC0} = {E4DEAEF5-A2A3-3EF0-B065-4E8958690FC0}
	EndProjectSection
EndProject
Project("{8BC9CEB8-8B4A-11D0-8D11-00A0C91BC942}") = "INSTALL", "INSTALL.vcxproj", "{D6678BE2-5D79-39E4-AB4D-7909E3506420}"
	ProjectSection(ProjectDependencies) = postProject
		{C27BA0DF-4A6E-3FF0-8D60-5789FF879BDE} = {C27BA0DF-4A6E-3FF0-8D60-5789FF879BDE}
		{50294041-7D2E-3987-83F6-44A0A737F4D5} = {50294041-7D2E-3987-83F6-44A0A737F4D5}
	EndProjectSection
EndProject
Project("{8BC9CEB8-8B4A-11D0-8D11-00A0C91BC942}") = "ZERO_CHECK", "ZERO_CHECK.vcxproj", "{50294041-7D2E-3987-83F6-44A0A737F4D5}"
	ProjectSection(ProjectDependencies) = postProject
	EndProjectSection
EndProject
Project("{8BC9CEB8-8B4A-11D0-8D11-00A0C91BC942}") = "eyeball", "Eyeball\eyeball.vcxproj", "{AD38F5B9-6F65-348C-B8D4-83B4F91B7B2C}"
	ProjectSection(ProjectDependencies) = postProject
		{50294041-7D2E-3987-83F6-44A0A737F4D5} = {50294041-7D2E-3987-83F6-44A0A737F4D5}
		{FB0150D0-6436-3517-8092-E3A6D8DD903B} = {FB0150D0-6436-3517-8092-E3A6D8DD903B}
		{8EE252D1-EE9D-3961-8DDB-0A89B77F58F3} = {8EE252D1-EE9D-3961-8DDB-0A89B77F58F3}
		{F3C092A2-1C61-3FC3-8B9F-BE68FCCC370F} = {F3C092A2-1C61-3FC3-8B9F-BE68FCCC370F}
		{E4DEAEF5-A2A3-3EF0-B065-4E8958690FC0} = {E4DEAEF5-A2A3-3EF0-B065-4E8958690FC0}
	EndProjectSection
EndProject
Project("{8BC9CEB8-8B4A-11D0-8D11-00A0C91BC942}") = "glad", "Popeye\vendor\glad\glad.vcxproj", "{FB0150D0-6436-3517-8092-E3A6D8DD903B}"
	ProjectSection(ProjectDependencies) = postProject
		{50294041-7D2E-3987-83F6-44A0A737F4D5} = {50294041-7D2E-3987-83F6-44A0A737F4D5}
	EndProjectSection
EndProject
Project("{8BC9CEB8-8B4A-11D0-8D11-00A0C91BC942}") = "glfw", "Popeye\vendor\GLFW\src\glfw.vcxproj", "{8EE252D1-EE9D-3961-8DDB-0A89B77F58F3}"
	ProjectSection(ProjectDependencies) = postProject
		{50294041-7D2E-3987-83F6-44A0A737F4D5} = {50294041-7D2E-3987-83F6-44A0A737F4D5}
	EndProjectSection
EndProject
Project("{8BC9CEB8-8B4A-11D0-8D11-00A0C91BC942}") = "imgui", "Popeye\vendor\imgui\imgui.vcxproj", "{F3C092A2-1C61-3FC3-8B9F-BE68FCCC370F}"
	ProjectSection(ProjectDependencies) = postProject
		{50294041-7D2E-3987-83F6-44A0A737F4D5} = {50294041-7D2E-3987-83F6-44A0A737F4D5}
	EndProjectSection
EndProject
Project("{8BC9CEB8-8B4A-11D0-8D11-00A0C91BC942}") = "popeye", "Popeye\popeye.vcxproj", "{E4DEAEF5-A2A3-3EF0-B065-4E8958690FC0}"
	ProjectSection(ProjectDependencies) = postProject
		{50294041-7D2E-3987-83F6-44A0A737F4D5} = {50294041-7D2E-3987-83F6-44A0A737F4D5}
		{FB0150D0-6436-3517-8092-E3A6D8DD903B} = {FB0150D0-6436-3517-8092-E3A6D8DD903B}
		{8EE252D1-EE9D-3961-8DDB-0A89B77F58F3} = {8EE252D1-EE9D-3961-8DDB-0A89B77F58F3}
		{F3C092A2-1C61-3FC3-8B9F-BE68FCCC370F} = {F3C092A2-1C61-3FC3-8B9F-BE68FCCC370F}
	EndProjectSection
EndProject
Project("{8BC9CEB8-8B4A-11D0-8D11-00A0C91BC942}") = "uninstall", "Popeye\vendor\GLFW\uninstall.vcxproj", "{3378DC3D-5C6B-3ADB-9048-882F26C4BE77}"
	ProjectSection(ProjectDependencies) = postProject
		{50294041-7D2E-3987-83F6-44A0A737F4D5} = {50294041-7D2E-3987-83F6-44A0A737F4D5}
	EndProjectSection
EndProject
Global
	GlobalSection(SolutionConfigurationPlatforms) = preSolution
		Debug|x64 = Debug|x64
		Release|x64 = Release|x64
		MinSizeRel|x64 = MinSizeRel|x64
		RelWithDebInfo|x64 = RelWithDebInfo|x64
	EndGlobalSection
	GlobalSection(ProjectConfigurationPlatforms) = postSolution
		{C27BA0DF-4A6E-3FF0-8D60-5789FF879BDE}.Debug|x64.ActiveCfg = Debug|x64
		{C27BA0DF-4A6E-3FF0-8D60-5789FF879BDE}.Debug|x64.Build.0 = Debug|x64
		{C27BA0DF-4A6E-3FF0-8D60-5789FF879BDE}.Release|x64.ActiveCfg = Release|x64
		{C27BA0DF-4A6E-3FF0-8D60-5789FF879BDE}.Release|x64.Build.0 = Release|x64
		{C27BA0DF-4A6E-3FF0-8D60-5789FF879BDE}.MinSizeRel|x64.ActiveCfg = MinSizeRel|x64
		{C27BA0DF-4A6E-3FF0-8D60-5789FF879BDE}.MinSizeRel|x64.Build.0 = MinSizeRel|x64
		{C27BA0DF-4A6E-3FF0-8D60-5789FF879BDE}.RelWithDebInfo|x64.ActiveCfg = RelWithDebInfo|x64
		{C27BA0DF-4A6E-3FF0-8D60-5789FF879BDE}.RelWithDebInfo|x64.Build.0 = RelWithDebInfo|x64
		{D6678BE2-5D79-39E4-AB4D-7909E3506420}.Debug|x64.ActiveCfg = Debug|x64
		{D6678BE2-5D79-39E4-AB4D-7909E3506420}.Release|x64.ActiveCfg = Release|x64
		{D6678BE2-5D79-39E4-AB4D-7909E3506420}.MinSizeRel|x64.ActiveCfg = MinSizeRel|x64
		{D6678BE2-5D79-39E4-AB4D-7909E3506420}.RelWithDebInfo|x64.ActiveCfg = RelWithDebInfo|x64
		{50294041-7D2E-3987-83F6-44A0A737F4D5}.Debug|x64.ActiveCfg = Debug|x64
		{50294041-7D2E-3987-83F6-44A0A737F4D5}.Debug|x64.Build.0 = Debug|x64
		{50294041-7D2E-3987-83F6-44A0A737F4D5}.Release|x64.ActiveCfg = Release|x64
		{50294041-7D2E-3987-83F6-44A0A737F4D5}.Release|x64.Build.0 = Release|x64
		{50294041-7D2E-3987-83F6-44A0A737F4D5}.MinSizeRel|x64.ActiveCfg = MinSizeRel|x64
		{50294041-7D2E-3987-83F6-44A0A737F4D5}.MinSizeRel|x64.Build.0 = MinSizeRel|x64
		{50294041-7D2E-3987-83F6-44A0A737F4D5}.RelWithDebInfo|x64.ActiveCfg = RelWithDebInfo|x64
		{50294041-7D2E-3987-83F6-44A0A737F4D5}.RelWithDebInfo|x64.Build.0 = RelWithDebInfo|x64
		{AD38F5B9-6F65-348C-B8D4-83B4F91B7B2C}.Debug|x64.ActiveCfg = Debug|x64
		{AD38F5B9-6F65-348C-B8D4-83B4F91B7B2C}.Debug|x64.Build.0 = Debug|x64
		{AD38F5B9-6F65-348C-B8D4-83B4F91B7B2C}.Release|x64.ActiveCfg = Release|x64
		{AD38F5B9-6F65-348C-B8D4-83B4F91B7B2C}.Release|x64.Build.0 = Release|x64
		{AD38F5B9-6F65-348C-B8D4-83B4F91B7B2C}.MinSizeRel|x64.ActiveCfg = MinSizeRel|x64
		{AD38F5B9-6F65-348C-B8D4-83B4F91B7B2C}.MinSizeRel|x64.Build.0 = MinSizeRel|x64
		{AD38F5B9-6F65-348C-B8D4-83B4F91B7B2C}.RelWithDebInfo|x64.ActiveCfg = RelWithDebInfo|x64
		{AD38F5B9-6F65-348C-B8D4-83B4F91B7B2C}.RelWithDebInfo|x64.Build.0 = RelWithDebInfo|x64
		{FB0150D0-6436-3517-8092-E3A6D8DD903B}.Debug|x64.ActiveCfg = Debug|x64
		{FB0150D0-6436-3517-8092-E3A6D8DD903B}.Debug|x64.Build.0 = Debug|x64
		{FB0150D0-6436-3517-8092-E3A6D8DD903B}.Release|x64.ActiveCfg = Release|x64
		{FB0150D0-6436-3517-8092-E3A6D8DD903B}.Release|x64.Build.0 = Release|x64
		{FB0150D0-6436-3517-8092-E3A6D8DD903B}.MinSizeRel|x64.ActiveCfg = MinSizeRel|x64
		{FB0150D0-6436-3517-8092-E3A6D8DD903B}.MinSizeRel|x64.Build.0 = MinSizeRel|x64
		{FB0150D0-6436-3517-8092-E3A6D8DD903B}.RelWithDebInfo|x64.ActiveCfg = RelWithDebInfo|x64
		{FB0150D0-6436-3517-8092-E3A6D8DD903B}.RelWithDebInfo|x64.Build.0 = RelWithDebInfo|x64
		{8EE252D1-EE9D-3961-8DDB-0A89B77F58F3}.Debug|x64.ActiveCfg = Debug|x64
		{8EE252D1-EE9D-3961-8DDB-0A89B77F58F3}.Debug|x64.Build.0 = Debug|x64
		{8EE252D1-EE9D-3961-8DDB-0A89B77F58F3}.Release|x64.ActiveCfg = Release|x64
		{8EE252D1-EE9D-3961-8DDB-0A89B77F58F3}.Release|x64.Build.0 = Release|x64
		{8EE252D1-EE9D-3961-8DDB-0A89B77F58F3}.MinSizeRel|x64.ActiveCfg = MinSizeRel|x64
		{8EE252D1-EE9D-3961-8DDB-0A89B77F58F3}.MinSizeRel|x64.Build.0 = MinSizeRel|x64
		{8EE252D1-EE9D-3961-8DDB-0A89B77F58F3}.RelWithDebInfo|x64.ActiveCfg = RelWithDebInfo|x64
		{8EE252D1-EE9D-3961-8DDB-0A89B77F58F3}.RelWithDebInfo|x64.Build.0 = RelWithDebInfo|x64
		{F3C092A2-1C61-3FC3-8B9F-BE68FCCC370F}.Debug|x64.ActiveCfg = Debug|x64
		{F3C092A2-1C61-3FC3-8B9F-BE68FCCC370F}.Debug|x64.Build.0 = Debug|x64
		{F3C092A2-1C61-3FC3-8B9F-BE68FCCC370F}.Release|x64.ActiveCfg = Release|x64
		{F3C092A2-1C61-3FC3-8B9F-BE68FCCC370F}.Release|x64.Build.0 = Release|x64
		{F3C092A2-1C61-3FC3-8B9F-BE68FCCC370F}.MinSizeRel|x64.ActiveCfg = MinSizeRel|x64
		{F3C092A2-1C61-3FC3-8B9F-BE68FCCC370F}.MinSizeRel|x64.Build.0 = MinSizeRel|x64
		{F3C092A2-1C61-3FC3-8B9F-BE68FCCC370F}.RelWithDebInfo|x64.ActiveCfg = RelWithDebInfo|x64
		{F3C092A2-1C61-3FC3-8B9F-BE68FCCC370F}.RelWithDebInfo|x64.Build.0 = RelWithDebInfo|x64
		{E4DEAEF5-A2A3-3EF0-B065-4E8958690FC0}.Debug|x64.ActiveCfg = Debug|x64
		{E4DEAEF5-A2A3-3EF0-B065-4E8958690FC0}.Debug|x64.Build.0 = Debug|x64
		{E4DEAEF5-A2A3-3EF0-B065-4E8958690FC0}.Release|x64.ActiveCfg = Release|x64
		{E4DEAEF5-A2A3-3EF0-B065-4E8958690FC0}.Release|x64.Build.0 = Release|x64
		{E4DEAEF5-A2A3-3EF0-B065-4E8958690FC0}.MinSizeRel|x64.ActiveCfg = MinSizeRel|x64
		{E4DEAEF5-A2A3-3EF0-B065-4E8958690FC0}.MinSizeRel|x64.Build.0 = MinSizeRel|x64
		{E4DEAEF5-A2A3-3EF0-B065-4E8958690FC0}.RelWithDebInfo|x64.ActiveCfg = RelWithDebInfo|x64
		{E4DEAEF5-A2A3-3EF0-B065-4E8958690FC0}.RelWithDebInfo|x64.Build.0 = RelWithDebInfo|x64
		{3378DC3D-5C6B-3ADB-9048-882F26C4BE77}.Debug|x64.ActiveCfg = Debug|x64
		{3378DC3D-5C6B-3ADB-9048-882F26C4BE77}.Release|x64.ActiveCfg = Release|x64
		{3378DC3D-5C6B-3ADB-9048-882F26C4BE77}.MinSizeRel|x64.ActiveCfg = MinSizeRel|x64
		{3378DC3D-5C6B-3ADB-9048-882F26C4BE77}.RelWithDebInfo|x64.ActiveCfg = RelWithDebInfo|x64
	EndGlobalSection
	GlobalSection(NestedProjects) = preSolution
		{C27BA0DF-4A6E-3FF0-8D60-5789FF879BDE} = {3A0172C3-F304-348A-932C-A813B3EBD778}
		{D6678BE2-5D79-39E4-AB4D-7909E3506420} = {3A0172C3-F304-348A-932C-A813B3EBD778}
		{50294041-7D2E-3987-83F6-44A0A737F4D5} = {3A0172C3-F304-348A-932C-A813B3EBD778}
		{8EE252D1-EE9D-3961-8DDB-0A89B77F58F3} = {5D440F21-82A9-37DC-B549-F00071D8278B}
		{3378DC3D-5C6B-3ADB-9048-882F26C4BE77} = {5D440F21-82A9-37DC-B549-F00071D8278B}
	EndGlobalSection
	GlobalSection(ExtensibilityGlobals) = postSolution
		SolutionGuid = {0F6305C1-1314-351C-8DEC-EF6B7978A7EC}
	EndGlobalSection
	GlobalSection(ExtensibilityAddIns) = postSolution
	EndGlobalSection
EndGlobal
