
Microsoft Visual Studio Solution File, Format Version 12.00
# Visual Studio Version 16
Project("{2150E333-8FDC-42A3-9474-1A3956D46DE8}") = "CMakePredefinedTargets", "CMakePredefinedTargets", "{625338E8-44B9-3F57-AC6F-706C76646525}"
EndProject
Project("{2150E333-8FDC-42A3-9474-1A3956D46DE8}") = "GLFW3", "GLFW3", "{D04EDD4E-A60B-32C4-A241-EA4546E18942}"
EndProject
Project("{8BC9CEB8-8B4A-11D0-8D11-00A0C91BC942}") = "eyeball", "Eyeball\eyeball.vcxproj", "{48818904-4924-3D4D-BCCC-9EDF0D195998}"
	ProjectSection(ProjectDependencies) = postProject
		{67178D10-A5E6-38AF-8FFD-52F97E29C311} = {67178D10-A5E6-38AF-8FFD-52F97E29C311}
		{11807D44-83C0-3CA5-BFB3-A822BFD1C1C2} = {11807D44-83C0-3CA5-BFB3-A822BFD1C1C2}
		{B7FCAEFE-64A3-3297-8D0E-87F2DDAFFF35} = {B7FCAEFE-64A3-3297-8D0E-87F2DDAFFF35}
		{2D7764D6-6200-3E3E-9BE7-14DC42F91C76} = {2D7764D6-6200-3E3E-9BE7-14DC42F91C76}
		{6222B1CD-A4EE-3D9F-94C4-D083BD522727} = {6222B1CD-A4EE-3D9F-94C4-D083BD522727}
		{A179B05F-8A4C-3EC6-86CA-9010660B5D97} = {A179B05F-8A4C-3EC6-86CA-9010660B5D97}
		{762DA40B-852A-357C-A554-495822468249} = {762DA40B-852A-357C-A554-495822468249}
	EndProjectSection
EndProject
Project("{8BC9CEB8-8B4A-11D0-8D11-00A0C91BC942}") = "ALL_BUILD", "ALL_BUILD.vcxproj", "{D105F29E-FBC2-3495-8DE4-5B91F5D2D66D}"
	ProjectSection(ProjectDependencies) = postProject
		{67178D10-A5E6-38AF-8FFD-52F97E29C311} = {67178D10-A5E6-38AF-8FFD-52F97E29C311}
		{11807D44-83C0-3CA5-BFB3-A822BFD1C1C2} = {11807D44-83C0-3CA5-BFB3-A822BFD1C1C2}
		{48818904-4924-3D4D-BCCC-9EDF0D195998} = {48818904-4924-3D4D-BCCC-9EDF0D195998}
		{B7FCAEFE-64A3-3297-8D0E-87F2DDAFFF35} = {B7FCAEFE-64A3-3297-8D0E-87F2DDAFFF35}
		{2D7764D6-6200-3E3E-9BE7-14DC42F91C76} = {2D7764D6-6200-3E3E-9BE7-14DC42F91C76}
		{6222B1CD-A4EE-3D9F-94C4-D083BD522727} = {6222B1CD-A4EE-3D9F-94C4-D083BD522727}
		{A179B05F-8A4C-3EC6-86CA-9010660B5D97} = {A179B05F-8A4C-3EC6-86CA-9010660B5D97}
		{762DA40B-852A-357C-A554-495822468249} = {762DA40B-852A-357C-A554-495822468249}
	EndProjectSection
EndProject
Project("{8BC9CEB8-8B4A-11D0-8D11-00A0C91BC942}") = "INSTALL", "INSTALL.vcxproj", "{B36C8DD1-38FC-3F6B-A74A-0F052276DC8D}"
	ProjectSection(ProjectDependencies) = postProject
		{D105F29E-FBC2-3495-8DE4-5B91F5D2D66D} = {D105F29E-FBC2-3495-8DE4-5B91F5D2D66D}
		{67178D10-A5E6-38AF-8FFD-52F97E29C311} = {67178D10-A5E6-38AF-8FFD-52F97E29C311}
	EndProjectSection
EndProject
Project("{8BC9CEB8-8B4A-11D0-8D11-00A0C91BC942}") = "UpdateAssimpLibsDebugSymbolsAndDLLs", "Popeye\vendor\assimp\UpdateAssimpLibsDebugSymbolsAndDLLs.vcxproj", "{55488880-28A7-3221-821B-351777645C93}"
	ProjectSection(ProjectDependencies) = postProject
		{67178D10-A5E6-38AF-8FFD-52F97E29C311} = {67178D10-A5E6-38AF-8FFD-52F97E29C311}
	EndProjectSection
EndProject
Project("{8BC9CEB8-8B4A-11D0-8D11-00A0C91BC942}") = "ZERO_CHECK", "ZERO_CHECK.vcxproj", "{67178D10-A5E6-38AF-8FFD-52F97E29C311}"
	ProjectSection(ProjectDependencies) = postProject
	EndProjectSection
EndProject
Project("{8BC9CEB8-8B4A-11D0-8D11-00A0C91BC942}") = "assimp", "Popeye\vendor\assimp\code\assimp.vcxproj", "{11807D44-83C0-3CA5-BFB3-A822BFD1C1C2}"
	ProjectSection(ProjectDependencies) = postProject
		{67178D10-A5E6-38AF-8FFD-52F97E29C311} = {67178D10-A5E6-38AF-8FFD-52F97E29C311}
		{762DA40B-852A-357C-A554-495822468249} = {762DA40B-852A-357C-A554-495822468249}
	EndProjectSection
EndProject
Project("{8BC9CEB8-8B4A-11D0-8D11-00A0C91BC942}") = "glad", "Popeye\vendor\glad\glad.vcxproj", "{B7FCAEFE-64A3-3297-8D0E-87F2DDAFFF35}"
	ProjectSection(ProjectDependencies) = postProject
		{67178D10-A5E6-38AF-8FFD-52F97E29C311} = {67178D10-A5E6-38AF-8FFD-52F97E29C311}
	EndProjectSection
EndProject
Project("{8BC9CEB8-8B4A-11D0-8D11-00A0C91BC942}") = "glfw", "Popeye\vendor\GLFW\src\glfw.vcxproj", "{2D7764D6-6200-3E3E-9BE7-14DC42F91C76}"
	ProjectSection(ProjectDependencies) = postProject
		{67178D10-A5E6-38AF-8FFD-52F97E29C311} = {67178D10-A5E6-38AF-8FFD-52F97E29C311}
	EndProjectSection
EndProject
Project("{8BC9CEB8-8B4A-11D0-8D11-00A0C91BC942}") = "imgui", "Popeye\vendor\imgui\imgui.vcxproj", "{6222B1CD-A4EE-3D9F-94C4-D083BD522727}"
	ProjectSection(ProjectDependencies) = postProject
		{67178D10-A5E6-38AF-8FFD-52F97E29C311} = {67178D10-A5E6-38AF-8FFD-52F97E29C311}
	EndProjectSection
EndProject
Project("{8BC9CEB8-8B4A-11D0-8D11-00A0C91BC942}") = "popeye", "Popeye\popeye.vcxproj", "{A179B05F-8A4C-3EC6-86CA-9010660B5D97}"
	ProjectSection(ProjectDependencies) = postProject
		{67178D10-A5E6-38AF-8FFD-52F97E29C311} = {67178D10-A5E6-38AF-8FFD-52F97E29C311}
		{11807D44-83C0-3CA5-BFB3-A822BFD1C1C2} = {11807D44-83C0-3CA5-BFB3-A822BFD1C1C2}
		{B7FCAEFE-64A3-3297-8D0E-87F2DDAFFF35} = {B7FCAEFE-64A3-3297-8D0E-87F2DDAFFF35}
		{2D7764D6-6200-3E3E-9BE7-14DC42F91C76} = {2D7764D6-6200-3E3E-9BE7-14DC42F91C76}
		{6222B1CD-A4EE-3D9F-94C4-D083BD522727} = {6222B1CD-A4EE-3D9F-94C4-D083BD522727}
		{762DA40B-852A-357C-A554-495822468249} = {762DA40B-852A-357C-A554-495822468249}
	EndProjectSection
EndProject
Project("{8BC9CEB8-8B4A-11D0-8D11-00A0C91BC942}") = "uninstall", "Popeye\vendor\glm\uninstall.vcxproj", "{D0AA1B1D-D49B-3D41-8BC7-9AC609D914E9}"
	ProjectSection(ProjectDependencies) = postProject
		{67178D10-A5E6-38AF-8FFD-52F97E29C311} = {67178D10-A5E6-38AF-8FFD-52F97E29C311}
	EndProjectSection
EndProject
Project("{8BC9CEB8-8B4A-11D0-8D11-00A0C91BC942}") = "zlibstatic", "Popeye\vendor\assimp\contrib\zlib\zlibstatic.vcxproj", "{762DA40B-852A-357C-A554-495822468249}"
	ProjectSection(ProjectDependencies) = postProject
		{67178D10-A5E6-38AF-8FFD-52F97E29C311} = {67178D10-A5E6-38AF-8FFD-52F97E29C311}
	EndProjectSection
EndProject
Global
	GlobalSection(SolutionConfigurationPlatforms) = preSolution
		Debug|x64 = Debug|x64
		Release|x64 = Release|x64
		MinSizeRel|x64 = MinSizeRel|x64
		RelWithDebInfo|x64 = RelWithDebInfo|x64
	EndGlobalSection
	GlobalSection(ProjectConfigurationPlatforms) = postSolution
		{48818904-4924-3D4D-BCCC-9EDF0D195998}.Debug|x64.ActiveCfg = Debug|x64
		{48818904-4924-3D4D-BCCC-9EDF0D195998}.Debug|x64.Build.0 = Debug|x64
		{48818904-4924-3D4D-BCCC-9EDF0D195998}.Release|x64.ActiveCfg = Release|x64
		{48818904-4924-3D4D-BCCC-9EDF0D195998}.Release|x64.Build.0 = Release|x64
		{48818904-4924-3D4D-BCCC-9EDF0D195998}.MinSizeRel|x64.ActiveCfg = MinSizeRel|x64
		{48818904-4924-3D4D-BCCC-9EDF0D195998}.MinSizeRel|x64.Build.0 = MinSizeRel|x64
		{48818904-4924-3D4D-BCCC-9EDF0D195998}.RelWithDebInfo|x64.ActiveCfg = RelWithDebInfo|x64
		{48818904-4924-3D4D-BCCC-9EDF0D195998}.RelWithDebInfo|x64.Build.0 = RelWithDebInfo|x64
		{D105F29E-FBC2-3495-8DE4-5B91F5D2D66D}.Debug|x64.ActiveCfg = Debug|x64
		{D105F29E-FBC2-3495-8DE4-5B91F5D2D66D}.Debug|x64.Build.0 = Debug|x64
		{D105F29E-FBC2-3495-8DE4-5B91F5D2D66D}.Release|x64.ActiveCfg = Release|x64
		{D105F29E-FBC2-3495-8DE4-5B91F5D2D66D}.Release|x64.Build.0 = Release|x64
		{D105F29E-FBC2-3495-8DE4-5B91F5D2D66D}.MinSizeRel|x64.ActiveCfg = MinSizeRel|x64
		{D105F29E-FBC2-3495-8DE4-5B91F5D2D66D}.MinSizeRel|x64.Build.0 = MinSizeRel|x64
		{D105F29E-FBC2-3495-8DE4-5B91F5D2D66D}.RelWithDebInfo|x64.ActiveCfg = RelWithDebInfo|x64
		{D105F29E-FBC2-3495-8DE4-5B91F5D2D66D}.RelWithDebInfo|x64.Build.0 = RelWithDebInfo|x64
		{B36C8DD1-38FC-3F6B-A74A-0F052276DC8D}.Debug|x64.ActiveCfg = Debug|x64
		{B36C8DD1-38FC-3F6B-A74A-0F052276DC8D}.Release|x64.ActiveCfg = Release|x64
		{B36C8DD1-38FC-3F6B-A74A-0F052276DC8D}.MinSizeRel|x64.ActiveCfg = MinSizeRel|x64
		{B36C8DD1-38FC-3F6B-A74A-0F052276DC8D}.RelWithDebInfo|x64.ActiveCfg = RelWithDebInfo|x64
		{55488880-28A7-3221-821B-351777645C93}.Debug|x64.ActiveCfg = Debug|x64
		{55488880-28A7-3221-821B-351777645C93}.Release|x64.ActiveCfg = Release|x64
		{55488880-28A7-3221-821B-351777645C93}.MinSizeRel|x64.ActiveCfg = MinSizeRel|x64
		{55488880-28A7-3221-821B-351777645C93}.RelWithDebInfo|x64.ActiveCfg = RelWithDebInfo|x64
		{67178D10-A5E6-38AF-8FFD-52F97E29C311}.Debug|x64.ActiveCfg = Debug|x64
		{67178D10-A5E6-38AF-8FFD-52F97E29C311}.Debug|x64.Build.0 = Debug|x64
		{67178D10-A5E6-38AF-8FFD-52F97E29C311}.Release|x64.ActiveCfg = Release|x64
		{67178D10-A5E6-38AF-8FFD-52F97E29C311}.Release|x64.Build.0 = Release|x64
		{67178D10-A5E6-38AF-8FFD-52F97E29C311}.MinSizeRel|x64.ActiveCfg = MinSizeRel|x64
		{67178D10-A5E6-38AF-8FFD-52F97E29C311}.MinSizeRel|x64.Build.0 = MinSizeRel|x64
		{67178D10-A5E6-38AF-8FFD-52F97E29C311}.RelWithDebInfo|x64.ActiveCfg = RelWithDebInfo|x64
		{67178D10-A5E6-38AF-8FFD-52F97E29C311}.RelWithDebInfo|x64.Build.0 = RelWithDebInfo|x64
		{11807D44-83C0-3CA5-BFB3-A822BFD1C1C2}.Debug|x64.ActiveCfg = Debug|x64
		{11807D44-83C0-3CA5-BFB3-A822BFD1C1C2}.Debug|x64.Build.0 = Debug|x64
		{11807D44-83C0-3CA5-BFB3-A822BFD1C1C2}.Release|x64.ActiveCfg = Release|x64
		{11807D44-83C0-3CA5-BFB3-A822BFD1C1C2}.Release|x64.Build.0 = Release|x64
		{11807D44-83C0-3CA5-BFB3-A822BFD1C1C2}.MinSizeRel|x64.ActiveCfg = MinSizeRel|x64
		{11807D44-83C0-3CA5-BFB3-A822BFD1C1C2}.MinSizeRel|x64.Build.0 = MinSizeRel|x64
		{11807D44-83C0-3CA5-BFB3-A822BFD1C1C2}.RelWithDebInfo|x64.ActiveCfg = RelWithDebInfo|x64
		{11807D44-83C0-3CA5-BFB3-A822BFD1C1C2}.RelWithDebInfo|x64.Build.0 = RelWithDebInfo|x64
		{B7FCAEFE-64A3-3297-8D0E-87F2DDAFFF35}.Debug|x64.ActiveCfg = Debug|x64
		{B7FCAEFE-64A3-3297-8D0E-87F2DDAFFF35}.Debug|x64.Build.0 = Debug|x64
		{B7FCAEFE-64A3-3297-8D0E-87F2DDAFFF35}.Release|x64.ActiveCfg = Release|x64
		{B7FCAEFE-64A3-3297-8D0E-87F2DDAFFF35}.Release|x64.Build.0 = Release|x64
		{B7FCAEFE-64A3-3297-8D0E-87F2DDAFFF35}.MinSizeRel|x64.ActiveCfg = MinSizeRel|x64
		{B7FCAEFE-64A3-3297-8D0E-87F2DDAFFF35}.MinSizeRel|x64.Build.0 = MinSizeRel|x64
		{B7FCAEFE-64A3-3297-8D0E-87F2DDAFFF35}.RelWithDebInfo|x64.ActiveCfg = RelWithDebInfo|x64
		{B7FCAEFE-64A3-3297-8D0E-87F2DDAFFF35}.RelWithDebInfo|x64.Build.0 = RelWithDebInfo|x64
		{2D7764D6-6200-3E3E-9BE7-14DC42F91C76}.Debug|x64.ActiveCfg = Debug|x64
		{2D7764D6-6200-3E3E-9BE7-14DC42F91C76}.Debug|x64.Build.0 = Debug|x64
		{2D7764D6-6200-3E3E-9BE7-14DC42F91C76}.Release|x64.ActiveCfg = Release|x64
		{2D7764D6-6200-3E3E-9BE7-14DC42F91C76}.Release|x64.Build.0 = Release|x64
		{2D7764D6-6200-3E3E-9BE7-14DC42F91C76}.MinSizeRel|x64.ActiveCfg = MinSizeRel|x64
		{2D7764D6-6200-3E3E-9BE7-14DC42F91C76}.MinSizeRel|x64.Build.0 = MinSizeRel|x64
		{2D7764D6-6200-3E3E-9BE7-14DC42F91C76}.RelWithDebInfo|x64.ActiveCfg = RelWithDebInfo|x64
		{2D7764D6-6200-3E3E-9BE7-14DC42F91C76}.RelWithDebInfo|x64.Build.0 = RelWithDebInfo|x64
		{6222B1CD-A4EE-3D9F-94C4-D083BD522727}.Debug|x64.ActiveCfg = Debug|x64
		{6222B1CD-A4EE-3D9F-94C4-D083BD522727}.Debug|x64.Build.0 = Debug|x64
		{6222B1CD-A4EE-3D9F-94C4-D083BD522727}.Release|x64.ActiveCfg = Release|x64
		{6222B1CD-A4EE-3D9F-94C4-D083BD522727}.Release|x64.Build.0 = Release|x64
		{6222B1CD-A4EE-3D9F-94C4-D083BD522727}.MinSizeRel|x64.ActiveCfg = MinSizeRel|x64
		{6222B1CD-A4EE-3D9F-94C4-D083BD522727}.MinSizeRel|x64.Build.0 = MinSizeRel|x64
		{6222B1CD-A4EE-3D9F-94C4-D083BD522727}.RelWithDebInfo|x64.ActiveCfg = RelWithDebInfo|x64
		{6222B1CD-A4EE-3D9F-94C4-D083BD522727}.RelWithDebInfo|x64.Build.0 = RelWithDebInfo|x64
		{A179B05F-8A4C-3EC6-86CA-9010660B5D97}.Debug|x64.ActiveCfg = Debug|x64
		{A179B05F-8A4C-3EC6-86CA-9010660B5D97}.Debug|x64.Build.0 = Debug|x64
		{A179B05F-8A4C-3EC6-86CA-9010660B5D97}.Release|x64.ActiveCfg = Release|x64
		{A179B05F-8A4C-3EC6-86CA-9010660B5D97}.Release|x64.Build.0 = Release|x64
		{A179B05F-8A4C-3EC6-86CA-9010660B5D97}.MinSizeRel|x64.ActiveCfg = MinSizeRel|x64
		{A179B05F-8A4C-3EC6-86CA-9010660B5D97}.MinSizeRel|x64.Build.0 = MinSizeRel|x64
		{A179B05F-8A4C-3EC6-86CA-9010660B5D97}.RelWithDebInfo|x64.ActiveCfg = RelWithDebInfo|x64
		{A179B05F-8A4C-3EC6-86CA-9010660B5D97}.RelWithDebInfo|x64.Build.0 = RelWithDebInfo|x64
		{D0AA1B1D-D49B-3D41-8BC7-9AC609D914E9}.Debug|x64.ActiveCfg = Debug|x64
		{D0AA1B1D-D49B-3D41-8BC7-9AC609D914E9}.Release|x64.ActiveCfg = Release|x64
		{D0AA1B1D-D49B-3D41-8BC7-9AC609D914E9}.MinSizeRel|x64.ActiveCfg = MinSizeRel|x64
		{D0AA1B1D-D49B-3D41-8BC7-9AC609D914E9}.RelWithDebInfo|x64.ActiveCfg = RelWithDebInfo|x64
		{762DA40B-852A-357C-A554-495822468249}.Debug|x64.ActiveCfg = Debug|x64
		{762DA40B-852A-357C-A554-495822468249}.Debug|x64.Build.0 = Debug|x64
		{762DA40B-852A-357C-A554-495822468249}.Release|x64.ActiveCfg = Release|x64
		{762DA40B-852A-357C-A554-495822468249}.Release|x64.Build.0 = Release|x64
		{762DA40B-852A-357C-A554-495822468249}.MinSizeRel|x64.ActiveCfg = MinSizeRel|x64
		{762DA40B-852A-357C-A554-495822468249}.MinSizeRel|x64.Build.0 = MinSizeRel|x64
		{762DA40B-852A-357C-A554-495822468249}.RelWithDebInfo|x64.ActiveCfg = RelWithDebInfo|x64
		{762DA40B-852A-357C-A554-495822468249}.RelWithDebInfo|x64.Build.0 = RelWithDebInfo|x64
	EndGlobalSection
	GlobalSection(NestedProjects) = preSolution
		{D105F29E-FBC2-3495-8DE4-5B91F5D2D66D} = {625338E8-44B9-3F57-AC6F-706C76646525}
		{B36C8DD1-38FC-3F6B-A74A-0F052276DC8D} = {625338E8-44B9-3F57-AC6F-706C76646525}
		{67178D10-A5E6-38AF-8FFD-52F97E29C311} = {625338E8-44B9-3F57-AC6F-706C76646525}
		{2D7764D6-6200-3E3E-9BE7-14DC42F91C76} = {D04EDD4E-A60B-32C4-A241-EA4546E18942}
	EndGlobalSection
	GlobalSection(ExtensibilityGlobals) = postSolution
		SolutionGuid = {3362FDD4-A7E5-3687-B7DD-B2D47D42BF4F}
	EndGlobalSection
	GlobalSection(ExtensibilityAddIns) = postSolution
	EndGlobalSection
EndGlobal
