<?xml version="1.0" encoding="utf-8"?>
<Project ToolsVersion="16.0" xmlns="http://schemas.microsoft.com/developer/msbuild/2003">
  <ItemGroup>
    <CustomBuild Include="C:\Users\aston\Documents\capstone-2021-26\CMakeFiles\87c9f34153f5b6255f62c547c7b02d5c\INSTALL_force.rule">
      <Filter>CMake Rules</Filter>
    </CustomBuild>
  </ItemGroup>
  <ItemGroup>
    <Filter Include="CMake Rules">
      <UniqueIdentifier>{8BCB67D2-8915-31D7-A611-BFCCB9B7EA7D}</UniqueIdentifier>
    </Filter>
  </ItemGroup>
</Project>
