<?xml version="1.0" encoding="utf-8"?>
<Project ToolsVersion="16.0" xmlns="http://schemas.microsoft.com/developer/msbuild/2003">
  <ItemGroup>
    <ClCompile Include="C:\Users\aston\Documents\capstone-2021-26_CMake\Popeye\CMakeFiles\popeye.dir\cmake_pch.cxx">
      <Filter>Source Files</Filter>
    </ClCompile>
    <ClCompile Include="C:\Users\aston\Documents\capstone-2021-26_CMake\Popeye\src\Popeye\Application.cpp">
      <Filter>Source Files</Filter>
    </ClCompile>
    <ClCompile Include="C:\Users\aston\Documents\capstone-2021-26_CMake\Popeye\src\Popeye\Log.cpp">
      <Filter>Source Files</Filter>
    </ClCompile>
    <ClCompile Include="C:\Users\aston\Documents\capstone-2021-26_CMake\Popeye\src\Popeye\Mainframe.cpp">
      <Filter>Source Files</Filter>
    </ClCompile>
    <ClCompile Include="C:\Users\aston\Documents\capstone-2021-26_CMake\Popeye\src\Popeye\stb_img.cpp">
      <Filter>Source Files</Filter>
    </ClCompile>
    <ClCompile Include="C:\Users\aston\Documents\capstone-2021-26_CMake\Popeye\src\Popeye\Component\RenderingComponents.cpp">
      <Filter>Source Files</Filter>
    </ClCompile>
    <ClCompile Include="C:\Users\aston\Documents\capstone-2021-26_CMake\Popeye\src\Popeye\Events\EventManager.cpp">
      <Filter>Source Files</Filter>
    </ClCompile>
    <ClCompile Include="C:\Users\aston\Documents\capstone-2021-26_CMake\Popeye\src\Popeye\GUI\imgui_impl_glfw.cpp">
      <Filter>Source Files</Filter>
    </ClCompile>
    <ClCompile Include="C:\Users\aston\Documents\capstone-2021-26_CMake\Popeye\src\Popeye\GUI\imgui_impl_opengl3.cpp">
      <Filter>Source Files</Filter>
    </ClCompile>
    <ClCompile Include="C:\Users\aston\Documents\capstone-2021-26_CMake\Popeye\src\Popeye\GUI\Tabs.cpp">
      <Filter>Source Files</Filter>
    </ClCompile>
    <ClCompile Include="C:\Users\aston\Documents\capstone-2021-26_CMake\Popeye\src\Popeye\Manager\GUIManager.cpp">
      <Filter>Source Files</Filter>
    </ClCompile>
    <ClCompile Include="C:\Users\aston\Documents\capstone-2021-26_CMake\Popeye\src\Popeye\Manager\FileManager.cpp">
      <Filter>Source Files</Filter>
    </ClCompile>
    <ClCompile Include="C:\Users\aston\Documents\capstone-2021-26_CMake\Popeye\src\Popeye\Manager\ResourceManager.cpp">
      <Filter>Source Files</Filter>
    </ClCompile>
    <ClCompile Include="C:\Users\aston\Documents\capstone-2021-26_CMake\Popeye\src\Popeye\Manager\SceneManager.cpp">
      <Filter>Source Files</Filter>
    </ClCompile>
    <ClCompile Include="C:\Users\aston\Documents\capstone-2021-26_CMake\Popeye\src\Popeye\Manager\ComponentManager.cpp">
      <Filter>Source Files</Filter>
    </ClCompile>
    <ClCompile Include="C:\Users\aston\Documents\capstone-2021-26_CMake\Popeye\src\Popeye\Scene\GameObject.cpp">
      <Filter>Source Files</Filter>
    </ClCompile>
    <ClCompile Include="C:\Users\aston\Documents\capstone-2021-26_CMake\Popeye\src\Popeye\Scene\Scene.cpp">
      <Filter>Source Files</Filter>
    </ClCompile>
    <ClCompile Include="C:\Users\aston\Documents\capstone-2021-26_CMake\Popeye\src\Popeye\System\EventSystem.cpp">
      <Filter>Source Files</Filter>
    </ClCompile>
    <ClCompile Include="C:\Users\aston\Documents\capstone-2021-26_CMake\Popeye\src\Popeye\System\RenderingSystem.cpp">
      <Filter>Source Files</Filter>
    </ClCompile>
  </ItemGroup>
  <ItemGroup>
    <ClInclude Include="C:\Users\aston\Documents\capstone-2021-26_CMake\Popeye\src\Popeye.h">
      <Filter>Header Files</Filter>
    </ClInclude>
    <ClInclude Include="C:\Users\aston\Documents\capstone-2021-26_CMake\Popeye\src\Popeye\Application.h">
      <Filter>Header Files</Filter>
    </ClInclude>
    <ClInclude Include="C:\Users\aston\Documents\capstone-2021-26_CMake\Popeye\src\Popeye\Core.h">
      <Filter>Header Files</Filter>
    </ClInclude>
    <ClInclude Include="C:\Users\aston\Documents\capstone-2021-26_CMake\Popeye\src\Popeye\EntryPoint.h">
      <Filter>Header Files</Filter>
    </ClInclude>
    <ClInclude Include="C:\Users\aston\Documents\capstone-2021-26_CMake\Popeye\src\Popeye\Log.h">
      <Filter>Header Files</Filter>
    </ClInclude>
    <ClInclude Include="C:\Users\aston\Documents\capstone-2021-26_CMake\Popeye\src\Popeye\Mainframe.h">
      <Filter>Header Files</Filter>
    </ClInclude>
    <ClInclude Include="C:\Users\aston\Documents\capstone-2021-26_CMake\Popeye\src\Popeye\Component\RenderingComponents.h">
      <Filter>Header Files</Filter>
    </ClInclude>
    <ClInclude Include="C:\Users\aston\Documents\capstone-2021-26_CMake\Popeye\src\Popeye\Events\EventManager.h">
      <Filter>Header Files</Filter>
    </ClInclude>
    <ClInclude Include="C:\Users\aston\Documents\capstone-2021-26_CMake\Popeye\src\Popeye\Events\KeyCode.h">
      <Filter>Header Files</Filter>
    </ClInclude>
    <ClInclude Include="C:\Users\aston\Documents\capstone-2021-26_CMake\Popeye\src\Popeye\Events\MouseCode.h">
      <Filter>Header Files</Filter>
    </ClInclude>
    <ClInclude Include="C:\Users\aston\Documents\capstone-2021-26_CMake\Popeye\src\Popeye\Events\Events.h">
      <Filter>Header Files</Filter>
    </ClInclude>
    <ClInclude Include="C:\Users\aston\Documents\capstone-2021-26_CMake\Popeye\src\Popeye\GUI\IconsForkAwesome.h">
      <Filter>Header Files</Filter>
    </ClInclude>
    <ClInclude Include="C:\Users\aston\Documents\capstone-2021-26_CMake\Popeye\src\Popeye\GUI\imgui_impl_glfw.h">
      <Filter>Header Files</Filter>
    </ClInclude>
    <ClInclude Include="C:\Users\aston\Documents\capstone-2021-26_CMake\Popeye\src\Popeye\GUI\imgui_impl_opengl3.h">
      <Filter>Header Files</Filter>
    </ClInclude>
    <ClInclude Include="C:\Users\aston\Documents\capstone-2021-26_CMake\Popeye\src\Popeye\GUI\Tabs.h">
      <Filter>Header Files</Filter>
    </ClInclude>
    <ClInclude Include="C:\Users\aston\Documents\capstone-2021-26_CMake\Popeye\src\Popeye\Manager\GUIManager.h">
      <Filter>Header Files</Filter>
    </ClInclude>
    <ClInclude Include="C:\Users\aston\Documents\capstone-2021-26_CMake\Popeye\src\Popeye\Manager\FileManager.h">
      <Filter>Header Files</Filter>
    </ClInclude>
    <ClInclude Include="C:\Users\aston\Documents\capstone-2021-26_CMake\Popeye\src\Popeye\Manager\ResourceManager.h">
      <Filter>Header Files</Filter>
    </ClInclude>
    <ClInclude Include="C:\Users\aston\Documents\capstone-2021-26_CMake\Popeye\src\Popeye\Manager\SceneManager.h">
      <Filter>Header Files</Filter>
    </ClInclude>
    <ClInclude Include="C:\Users\aston\Documents\capstone-2021-26_CMake\Popeye\src\Popeye\Manager\ComponentManager.h">
      <Filter>Header Files</Filter>
    </ClInclude>
    <ClInclude Include="C:\Users\aston\Documents\capstone-2021-26_CMake\Popeye\src\Popeye\Resource\Texture.h">
      <Filter>Header Files</Filter>
    </ClInclude>
    <ClInclude Include="C:\Users\aston\Documents\capstone-2021-26_CMake\Popeye\src\Popeye\Scene\GameObject.h">
      <Filter>Header Files</Filter>
    </ClInclude>
    <ClInclude Include="C:\Users\aston\Documents\capstone-2021-26_CMake\Popeye\src\Popeye\Scene\Scene.h">
      <Filter>Header Files</Filter>
    </ClInclude>
    <ClInclude Include="C:\Users\aston\Documents\capstone-2021-26_CMake\Popeye\src\Popeye\System\EventSystem.h">
      <Filter>Header Files</Filter>
    </ClInclude>
    <ClInclude Include="C:\Users\aston\Documents\capstone-2021-26_CMake\Popeye\src\Popeye\System\RenderingSystem.h">
      <Filter>Header Files</Filter>
    </ClInclude>
    <ClInclude Include="C:\Users\aston\Documents\capstone-2021-26_CMake\Popeye\CMakeFiles\popeye.dir\Debug\cmake_pch.hxx">
      <Filter>Precompile Header File</Filter>
    </ClInclude>
    <ClInclude Include="C:\Users\aston\Documents\capstone-2021-26_CMake\Popeye\CMakeFiles\popeye.dir\Release\cmake_pch.hxx">
      <Filter>Precompile Header File</Filter>
    </ClInclude>
    <ClInclude Include="C:\Users\aston\Documents\capstone-2021-26_CMake\Popeye\CMakeFiles\popeye.dir\MinSizeRel\cmake_pch.hxx">
      <Filter>Precompile Header File</Filter>
    </ClInclude>
    <ClInclude Include="C:\Users\aston\Documents\capstone-2021-26_CMake\Popeye\CMakeFiles\popeye.dir\RelWithDebInfo\cmake_pch.hxx">
      <Filter>Precompile Header File</Filter>
    </ClInclude>
  </ItemGroup>
  <ItemGroup>
    <CustomBuild Include="C:\Users\aston\Documents\capstone-2021-26_CMake\Popeye\CMakeLists.txt" />
  </ItemGroup>
  <ItemGroup>
    <Filter Include="Header Files">
      <UniqueIdentifier>{BEE6E021-28A3-3BE0-8A24-FEA3F11C86A9}</UniqueIdentifier>
    </Filter>
    <Filter Include="Precompile Header File">
      <UniqueIdentifier>{54D50D75-77B4-3EDF-8C34-149721310AC7}</UniqueIdentifier>
    </Filter>
    <Filter Include="Source Files">
      <UniqueIdentifier>{45D33237-1A1C-3EF9-8801-30B3FF698E95}</UniqueIdentifier>
    </Filter>
  </ItemGroup>
</Project>
