<?xml version="1.0" encoding="utf-8"?>
<Project ToolsVersion="4.0" xmlns="http://schemas.microsoft.com/developer/msbuild/2003">
  <ItemGroup>
    <Filter Include="Popeye">
      <UniqueIdentifier>{177F93CA-0321-BEA0-ECDB-D1F4D81C45F1}</UniqueIdentifier>
    </Filter>
    <Filter Include="Popeye\Events">
      <UniqueIdentifier>{1B6B2E75-872B-AAAB-5066-F328BCE5EE87}</UniqueIdentifier>
    </Filter>
    <Filter Include="Popeye\GUI">
      <UniqueIdentifier>{AB31F6D7-97E9-3725-00F1-1081ECC7D215}</UniqueIdentifier>
    </Filter>
  </ItemGroup>
  <ItemGroup>
    <ClInclude Include="src\Popeye.h" />
    <ClInclude Include="src\Popeye\Application.h">
      <Filter>Popeye</Filter>
    </ClInclude>
    <ClInclude Include="src\Popeye\Core.h">
      <Filter>Popeye</Filter>
    </ClInclude>
    <ClInclude Include="src\Popeye\EntryPoint.h">
      <Filter>Popeye</Filter>
    </ClInclude>
    <ClInclude Include="src\Popeye\Events\MouseEvent.h">
      <Filter>Popeye\Events</Filter>
    </ClInclude>
    <ClInclude Include="src\Popeye\GUI\GUIManager.h">
      <Filter>Popeye\GUI</Filter>
    </ClInclude>
    <ClInclude Include="src\Popeye\GUI\IconsForkAwesome.h">
      <Filter>Popeye\GUI</Filter>
    </ClInclude>
    <ClInclude Include="src\Popeye\GUI\imgui_impl_glfw.h">
      <Filter>Popeye\GUI</Filter>
    </ClInclude>
    <ClInclude Include="src\Popeye\GUI\imgui_impl_opengl3.h">
      <Filter>Popeye\GUI</Filter>
    </ClInclude>
    <ClInclude Include="src\Popeye\Log.h">
      <Filter>Popeye</Filter>
    </ClInclude>
    <ClInclude Include="src\Popeye\Renderer.h">
      <Filter>Popeye</Filter>
    </ClInclude>
    <ClInclude Include="src\pch.h" />
  </ItemGroup>
  <ItemGroup>
    <ClCompile Include="src\Popeye\Application.cpp">
      <Filter>Popeye</Filter>
    </ClCompile>
    <ClCompile Include="src\Popeye\Events\MouseEvent.cpp">
      <Filter>Popeye\Events</Filter>
    </ClCompile>
    <ClCompile Include="src\Popeye\GUI\GUIManager.cpp">
      <Filter>Popeye\GUI</Filter>
    </ClCompile>
    <ClCompile Include="src\Popeye\GUI\imgui_impl_glfw.cpp">
      <Filter>Popeye\GUI</Filter>
    </ClCompile>
    <ClCompile Include="src\Popeye\GUI\imgui_impl_opengl3.cpp">
      <Filter>Popeye\GUI</Filter>
    </ClCompile>
    <ClCompile Include="src\Popeye\Log.cpp">
      <Filter>Popeye</Filter>
    </ClCompile>
    <ClCompile Include="src\Popeye\Renderer.cpp">
      <Filter>Popeye</Filter>
    </ClCompile>
    <ClCompile Include="src\pch.cpp" />
  </ItemGroup>
</Project>