<?xml version="1.0" encoding="utf-8"?>
<Project ToolsVersion="16.0" xmlns="http://schemas.microsoft.com/developer/msbuild/2003">
  <ItemGroup>
    <ClCompile Include="C:\Users\aston\Documents\capstone-2021-26\Popeye\CMakeFiles\popeye.dir\cmake_pch.cxx">
      <Filter>Source Files</Filter>
    </ClCompile>
    <ClCompile Include="C:\Users\aston\Documents\capstone-2021-26\Popeye\src\Popeye\Application.cpp">
      <Filter>Source Files</Filter>
    </ClCompile>
    <ClCompile Include="C:\Users\aston\Documents\capstone-2021-26\Popeye\src\Popeye\Log.cpp">
      <Filter>Source Files</Filter>
    </ClCompile>
    <ClCompile Include="C:\Users\aston\Documents\capstone-2021-26\Popeye\src\Popeye\Mainframe.cpp">
      <Filter>Source Files</Filter>
    </ClCompile>
    <ClCompile Include="C:\Users\aston\Documents\capstone-2021-26\Popeye\src\Popeye\stb_img.cpp">
      <Filter>Source Files</Filter>
    </ClCompile>
    <ClCompile Include="C:\Users\aston\Documents\capstone-2021-26\Popeye\src\Popeye\Component\RenderingComponents.cpp">
      <Filter>Source Files</Filter>
    </ClCompile>
    <ClCompile Include="C:\Users\aston\Documents\capstone-2021-26\Popeye\src\Popeye\Events\EventManager.cpp">
      <Filter>Source Files</Filter>
    </ClCompile>
    <ClCompile Include="C:\Users\aston\Documents\capstone-2021-26\Popeye\src\Popeye\GUI\imgui_impl_glfw.cpp">
      <Filter>Source Files</Filter>
    </ClCompile>
    <ClCompile Include="C:\Users\aston\Documents\capstone-2021-26\Popeye\src\Popeye\GUI\imgui_impl_opengl3.cpp">
      <Filter>Source Files</Filter>
    </ClCompile>
    <ClCompile Include="C:\Users\aston\Documents\capstone-2021-26\Popeye\src\Popeye\GUI\imgui_custom_widgets.cpp">
      <Filter>Source Files</Filter>
    </ClCompile>
    <ClCompile Include="C:\Users\aston\Documents\capstone-2021-26\Popeye\src\Popeye\GUI\Tabs.cpp">
      <Filter>Source Files</Filter>
    </ClCompile>
    <ClCompile Include="C:\Users\aston\Documents\capstone-2021-26\Popeye\src\Popeye\Manager\GUIManager.cpp">
      <Filter>Source Files</Filter>
    </ClCompile>
    <ClCompile Include="C:\Users\aston\Documents\capstone-2021-26\Popeye\src\Popeye\Manager\ResourceManager.cpp">
      <Filter>Source Files</Filter>
    </ClCompile>
    <ClCompile Include="C:\Users\aston\Documents\capstone-2021-26\Popeye\src\Popeye\Manager\SceneManager.cpp">
      <Filter>Source Files</Filter>
    </ClCompile>
    <ClCompile Include="C:\Users\aston\Documents\capstone-2021-26\Popeye\src\Popeye\Manager\ComponentManager.cpp">
      <Filter>Source Files</Filter>
    </ClCompile>
    <ClCompile Include="C:\Users\aston\Documents\capstone-2021-26\Popeye\src\Popeye\Resource\Mesh.cpp">
      <Filter>Source Files</Filter>
    </ClCompile>
    <ClCompile Include="C:\Users\aston\Documents\capstone-2021-26\Popeye\src\Popeye\Scene\GameObject.cpp">
      <Filter>Source Files</Filter>
    </ClCompile>
    <ClCompile Include="C:\Users\aston\Documents\capstone-2021-26\Popeye\src\Popeye\Scene\Scene.cpp">
      <Filter>Source Files</Filter>
    </ClCompile>
    <ClCompile Include="C:\Users\aston\Documents\capstone-2021-26\Popeye\src\Popeye\System\EventSystem.cpp">
      <Filter>Source Files</Filter>
    </ClCompile>
    <ClCompile Include="C:\Users\aston\Documents\capstone-2021-26\Popeye\src\Popeye\System\RenderingSystem.cpp">
      <Filter>Source Files</Filter>
    </ClCompile>
    <ClCompile Include="C:\Users\aston\Documents\capstone-2021-26\Popeye\src\Popeye\System\FileSystem.cpp">
      <Filter>Source Files</Filter>
    </ClCompile>
  </ItemGroup>
  <ItemGroup>
    <ClInclude Include="C:\Users\aston\Documents\capstone-2021-26\Popeye\src\Popeye.h">
      <Filter>Header Files</Filter>
    </ClInclude>
    <ClInclude Include="C:\Users\aston\Documents\capstone-2021-26\Popeye\src\Popeye\Application.h">
      <Filter>Header Files</Filter>
    </ClInclude>
    <ClInclude Include="C:\Users\aston\Documents\capstone-2021-26\Popeye\src\Popeye\Core.h">
      <Filter>Header Files</Filter>
    </ClInclude>
    <ClInclude Include="C:\Users\aston\Documents\capstone-2021-26\Popeye\src\Popeye\EntryPoint.h">
      <Filter>Header Files</Filter>
    </ClInclude>
    <ClInclude Include="C:\Users\aston\Documents\capstone-2021-26\Popeye\src\Popeye\Log.h">
      <Filter>Header Files</Filter>
    </ClInclude>
    <ClInclude Include="C:\Users\aston\Documents\capstone-2021-26\Popeye\src\Popeye\Mainframe.h">
      <Filter>Header Files</Filter>
    </ClInclude>
    <ClInclude Include="C:\Users\aston\Documents\capstone-2021-26\Popeye\src\Popeye\Component\RenderingComponents.h">
      <Filter>Header Files</Filter>
    </ClInclude>
    <ClInclude Include="C:\Users\aston\Documents\capstone-2021-26\Popeye\src\Popeye\Events\EventManager.h">
      <Filter>Header Files</Filter>
    </ClInclude>
    <ClInclude Include="C:\Users\aston\Documents\capstone-2021-26\Popeye\src\Popeye\Events\KeyCode.h">
      <Filter>Header Files</Filter>
    </ClInclude>
    <ClInclude Include="C:\Users\aston\Documents\capstone-2021-26\Popeye\src\Popeye\Events\MouseCode.h">
      <Filter>Header Files</Filter>
    </ClInclude>
    <ClInclude Include="C:\Users\aston\Documents\capstone-2021-26\Popeye\src\Popeye\Events\Events.h">
      <Filter>Header Files</Filter>
    </ClInclude>
    <ClInclude Include="C:\Users\aston\Documents\capstone-2021-26\Popeye\src\Popeye\GUI\IconsForkAwesome.h">
      <Filter>Header Files</Filter>
    </ClInclude>
    <ClInclude Include="C:\Users\aston\Documents\capstone-2021-26\Popeye\src\Popeye\GUI\imgui_impl_glfw.h">
      <Filter>Header Files</Filter>
    </ClInclude>
    <ClInclude Include="C:\Users\aston\Documents\capstone-2021-26\Popeye\src\Popeye\GUI\imgui_impl_opengl3.h">
      <Filter>Header Files</Filter>
    </ClInclude>
    <ClInclude Include="C:\Users\aston\Documents\capstone-2021-26\Popeye\src\Popeye\GUI\imgui_custom_widgets.h">
      <Filter>Header Files</Filter>
    </ClInclude>
    <ClInclude Include="C:\Users\aston\Documents\capstone-2021-26\Popeye\src\Popeye\GUI\Tabs.h">
      <Filter>Header Files</Filter>
    </ClInclude>
    <ClInclude Include="C:\Users\aston\Documents\capstone-2021-26\Popeye\src\Popeye\Manager\GUIManager.h">
      <Filter>Header Files</Filter>
    </ClInclude>
    <ClInclude Include="C:\Users\aston\Documents\capstone-2021-26\Popeye\src\Popeye\Manager\ResourceManager.h">
      <Filter>Header Files</Filter>
    </ClInclude>
    <ClInclude Include="C:\Users\aston\Documents\capstone-2021-26\Popeye\src\Popeye\Manager\SceneManager.h">
      <Filter>Header Files</Filter>
    </ClInclude>
    <ClInclude Include="C:\Users\aston\Documents\capstone-2021-26\Popeye\src\Popeye\Manager\ComponentManager.h">
      <Filter>Header Files</Filter>
    </ClInclude>
    <ClInclude Include="C:\Users\aston\Documents\capstone-2021-26\Popeye\src\Popeye\Resource\Texture.h">
      <Filter>Header Files</Filter>
    </ClInclude>
    <ClInclude Include="C:\Users\aston\Documents\capstone-2021-26\Popeye\src\Popeye\Resource\Mesh.h">
      <Filter>Header Files</Filter>
    </ClInclude>
    <ClInclude Include="C:\Users\aston\Documents\capstone-2021-26\Popeye\src\Popeye\Scene\GameObject.h">
      <Filter>Header Files</Filter>
    </ClInclude>
    <ClInclude Include="C:\Users\aston\Documents\capstone-2021-26\Popeye\src\Popeye\Scene\Scene.h">
      <Filter>Header Files</Filter>
    </ClInclude>
    <ClInclude Include="C:\Users\aston\Documents\capstone-2021-26\Popeye\src\Popeye\System\EventSystem.h">
      <Filter>Header Files</Filter>
    </ClInclude>
    <ClInclude Include="C:\Users\aston\Documents\capstone-2021-26\Popeye\src\Popeye\System\RenderingSystem.h">
      <Filter>Header Files</Filter>
    </ClInclude>
    <ClInclude Include="C:\Users\aston\Documents\capstone-2021-26\Popeye\src\Popeye\System\FileSystem.h">
      <Filter>Header Files</Filter>
    </ClInclude>
    <ClInclude Include="C:\Users\aston\Documents\capstone-2021-26\Popeye\CMakeFiles\popeye.dir\Debug\cmake_pch.hxx">
      <Filter>Precompile Header File</Filter>
    </ClInclude>
    <ClInclude Include="C:\Users\aston\Documents\capstone-2021-26\Popeye\CMakeFiles\popeye.dir\Release\cmake_pch.hxx">
      <Filter>Precompile Header File</Filter>
    </ClInclude>
    <ClInclude Include="C:\Users\aston\Documents\capstone-2021-26\Popeye\CMakeFiles\popeye.dir\MinSizeRel\cmake_pch.hxx">
      <Filter>Precompile Header File</Filter>
    </ClInclude>
    <ClInclude Include="C:\Users\aston\Documents\capstone-2021-26\Popeye\CMakeFiles\popeye.dir\RelWithDebInfo\cmake_pch.hxx">
      <Filter>Precompile Header File</Filter>
    </ClInclude>
  </ItemGroup>
  <ItemGroup>
    <CustomBuild Include="C:\Users\aston\Documents\capstone-2021-26\Popeye\CMakeLists.txt" />
  </ItemGroup>
  <ItemGroup>
    <Filter Include="Header Files">
      <UniqueIdentifier>{710E6E72-826F-3977-A686-CB38475F57F7}</UniqueIdentifier>
    </Filter>
    <Filter Include="Precompile Header File">
      <UniqueIdentifier>{9A133CC7-BF9F-31EE-B69D-09C34A98250D}</UniqueIdentifier>
    </Filter>
    <Filter Include="Source Files">
      <UniqueIdentifier>{97678390-FB37-386D-B23F-3FF29A7A91C3}</UniqueIdentifier>
    </Filter>
  </ItemGroup>
</Project>
